{
  "name": "FilmRatingVisualiser",
  "lockfileVersion": 3,
  "requires": true,
  "packages": {
    "": {
      "dependencies": {
        "node-style-text": "^2.1.2"
      }
    },
    "node_modules/node-style-text": {
      "version": "2.1.2",
      "resolved": "https://registry.npmjs.org/node-style-text/-/node-style-text-2.1.2.tgz",
      "integrity": "sha512-TqdKJsqVjYjLZ0se1/b24KQh1SwfzYgGJav41gqiK9TkMQl6sjRZ8c9bioLesZvlzPcgLug+XCL8d6+UrPpdFw==",
      "license": "MIT",
      "funding": {
        "url": "https://github.com/fisker/node-style-text?sponsor=1"
      }
    }
  }
}
